
Microsoft Visual Studio Solution File, Format Version 12.00
# Visual Studio Version 17
VisualStudioVersion = 17.8.34330.188
MinimumVisualStudioVersion = 10.0.40219.1
Project("{FAE04EC0-301F-11D3-BF4B-00C04F79EFBC}") = "VIktorina", "VIktorina.csproj", "{45646447-6E51-494C-AC33-A9D92F351D47}"
EndProject
Global
	GlobalSection(SolutionConfigurationPlatforms) = preSolution
		Debug|Any CPU = Debug|Any CPU
		Release|Any CPU = Release|Any CPU
	EndGlobalSection
	GlobalSection(ProjectConfigurationPlatforms) = postSolution
		{45646447-6E51-494C-AC33-A9D92F351D47}.Debug|Any CPU.ActiveCfg = Debug|Any CPU
		{45646447-6E51-494C-AC33-A9D92F351D47}.Debug|Any CPU.Build.0 = Debug|Any CPU
		{45646447-6E51-494C-AC33-A9D92F351D47}.Release|Any CPU.ActiveCfg = Release|Any CPU
		{45646447-6E51-494C-AC33-A9D92F351D47}.Release|Any CPU.Build.0 = Release|Any CPU
	EndGlobalSection
	GlobalSection(SolutionProperties) = preSolution
		HideSolutionNode = FALSE
	EndGlobalSection
	GlobalSection(ExtensibilityGlobals) = postSolution
		SolutionGuid = {567C24F9-9547-483C-9890-20921D9EF3CB}
	EndGlobalSection
EndGlobal
